
Microsoft Visual Studio Solution File, Format Version 12.00
# Visual Studio Version 17
VisualStudioVersion = 17.9.34616.47
MinimumVisualStudioVersion = 10.0.40219.1
Project("{9A19103F-16F7-4668-BE54-9A1E7A4F7556}") = "CoinClicker", "CoinClicker\CoinClicker.csproj", "{23229385-6FD5-4513-9305-1980E420BAC9}"
EndProject
Global
	GlobalSection(SolutionConfigurationPlatforms) = preSolution
		Debug|Any CPU = Debug|Any CPU
		Release|Any CPU = Release|Any CPU
	EndGlobalSection
	GlobalSection(ProjectConfigurationPlatforms) = postSolution
		{23229385-6FD5-4513-9305-1980E420BAC9}.Debug|Any CPU.ActiveCfg = Debug|Any CPU
		{23229385-6FD5-4513-9305-1980E420BAC9}.Debug|Any CPU.Build.0 = Debug|Any CPU
		{23229385-6FD5-4513-9305-1980E420BAC9}.Release|Any CPU.ActiveCfg = Release|Any CPU
		{23229385-6FD5-4513-9305-1980E420BAC9}.Release|Any CPU.Build.0 = Release|Any CPU
	EndGlobalSection
	GlobalSection(SolutionProperties) = preSolution
		HideSolutionNode = FALSE
	EndGlobalSection
	GlobalSection(ExtensibilityGlobals) = postSolution
		SolutionGuid = {91CFB49E-2B52-413B-9479-47C549627780}
	EndGlobalSection
EndGlobal
